
Microsoft Visual Studio Solution File, Format Version 12.00
# Visual Studio 15
VisualStudioVersion = 15.0.28307.852
MinimumVisualStudioVersion = 10.0.40219.1
Project("{FAE04EC0-301F-11D3-BF4B-00C04F79EFBC}") = "EstudoAngular", "EstudoAngular\EstudoAngular.csproj", "{02387CC6-1977-44D9-B308-BEBF07F0CDDD}"
EndProject
Global
	GlobalSection(SolutionConfigurationPlatforms) = preSolution
		Debug|Any CPU = Debug|Any CPU
		Release|Any CPU = Release|Any CPU
	EndGlobalSection
	GlobalSection(ProjectConfigurationPlatforms) = postSolution
		{02387CC6-1977-44D9-B308-BEBF07F0CDDD}.Debug|Any CPU.ActiveCfg = Debug|Any CPU
		{02387CC6-1977-44D9-B308-BEBF07F0CDDD}.Debug|Any CPU.Build.0 = Debug|Any CPU
		{02387CC6-1977-44D9-B308-BEBF07F0CDDD}.Release|Any CPU.ActiveCfg = Release|Any CPU
		{02387CC6-1977-44D9-B308-BEBF07F0CDDD}.Release|Any CPU.Build.0 = Release|Any CPU
	EndGlobalSection
	GlobalSection(SolutionProperties) = preSolution
		HideSolutionNode = FALSE
	EndGlobalSection
	GlobalSection(ExtensibilityGlobals) = postSolution
		SolutionGuid = {9D9520A9-0F36-41AD-B556-523171425B69}
	EndGlobalSection
EndGlobal
